
Microsoft Visual Studio Solution File, Format Version 12.00
# Visual Studio 14
VisualStudioVersion = 14.0.25420.1
MinimumVisualStudioVersion = 10.0.40219.1
Project("{FAE04EC0-301F-11D3-BF4B-00C04F79EFBC}") = "LOS", "LOS\LOS.csproj", "{3322BBEE-8883-4196-81F1-D038A8025195}"
EndProject
Project("{FAE04EC0-301F-11D3-BF4B-00C04F79EFBC}") = "LOS-Settings", "LOS-Settings\LOS-Settings.csproj", "{CF4980B9-BED4-4033-87C8-B0CEE036DD2E}"
EndProject
Project("{FAE04EC0-301F-11D3-BF4B-00C04F79EFBC}") = "LOS-DEFS", "LOS-DEFS\LOS-DEFS.csproj", "{12C8E0C3-7868-4469-B9E1-0256376313F2}"
EndProject
Project("{FAE04EC0-301F-11D3-BF4B-00C04F79EFBC}") = "LOS-Security", "LOS-Security\LOS-Security.csproj", "{28ADE3E2-D199-4BF3-8409-9E1D0D9C86AE}"
EndProject
Project("{FAE04EC0-301F-11D3-BF4B-00C04F79EFBC}") = "LOS-Installer", "LOS-Installer\LOS-Installer.csproj", "{7851CF32-A070-4CD6-9533-012C835B6601}"
EndProject
Project("{FAE04EC0-301F-11D3-BF4B-00C04F79EFBC}") = "LOS-Updater", "LOS-Updater\LOS-Updater.csproj", "{264D3E62-DD5A-4A39-84B1-CC633A2040A5}"
EndProject
Project("{FAE04EC0-301F-11D3-BF4B-00C04F79EFBC}") = "LOS-Command", "LOS-Command\LOS-Command.csproj", "{67C1BC3A-E854-410F-8825-CE9E901DE59B}"
EndProject
Project("{2150E333-8FDC-42A3-9474-1A3956D46DE8}") = "Documentation", "Documentation", "{CB48A0DF-862B-474B-A3CC-B4CA19278057}"
	ProjectSection(SolutionItems) = preProject
		Installation.txt = Installation.txt
	EndProjectSection
EndProject
Global
	GlobalSection(SolutionConfigurationPlatforms) = preSolution
		Debug|Any CPU = Debug|Any CPU
		Debug|x86 = Debug|x86
		Release|Any CPU = Release|Any CPU
		Release|x86 = Release|x86
	EndGlobalSection
	GlobalSection(ProjectConfigurationPlatforms) = postSolution
		{3322BBEE-8883-4196-81F1-D038A8025195}.Debug|Any CPU.ActiveCfg = Debug|Any CPU
		{3322BBEE-8883-4196-81F1-D038A8025195}.Debug|Any CPU.Build.0 = Debug|Any CPU
		{3322BBEE-8883-4196-81F1-D038A8025195}.Debug|x86.ActiveCfg = Debug|Any CPU
		{3322BBEE-8883-4196-81F1-D038A8025195}.Debug|x86.Build.0 = Debug|Any CPU
		{3322BBEE-8883-4196-81F1-D038A8025195}.Release|Any CPU.ActiveCfg = Release|Any CPU
		{3322BBEE-8883-4196-81F1-D038A8025195}.Release|Any CPU.Build.0 = Release|Any CPU
		{3322BBEE-8883-4196-81F1-D038A8025195}.Release|x86.ActiveCfg = Release|Any CPU
		{3322BBEE-8883-4196-81F1-D038A8025195}.Release|x86.Build.0 = Release|Any CPU
		{CF4980B9-BED4-4033-87C8-B0CEE036DD2E}.Debug|Any CPU.ActiveCfg = Debug|Any CPU
		{CF4980B9-BED4-4033-87C8-B0CEE036DD2E}.Debug|Any CPU.Build.0 = Debug|Any CPU
		{CF4980B9-BED4-4033-87C8-B0CEE036DD2E}.Debug|x86.ActiveCfg = Debug|Any CPU
		{CF4980B9-BED4-4033-87C8-B0CEE036DD2E}.Debug|x86.Build.0 = Debug|Any CPU
		{CF4980B9-BED4-4033-87C8-B0CEE036DD2E}.Release|Any CPU.ActiveCfg = Release|Any CPU
		{CF4980B9-BED4-4033-87C8-B0CEE036DD2E}.Release|Any CPU.Build.0 = Release|Any CPU
		{CF4980B9-BED4-4033-87C8-B0CEE036DD2E}.Release|x86.ActiveCfg = Release|Any CPU
		{CF4980B9-BED4-4033-87C8-B0CEE036DD2E}.Release|x86.Build.0 = Release|Any CPU
		{12C8E0C3-7868-4469-B9E1-0256376313F2}.Debug|Any CPU.ActiveCfg = Debug|Any CPU
		{12C8E0C3-7868-4469-B9E1-0256376313F2}.Debug|Any CPU.Build.0 = Debug|Any CPU
		{12C8E0C3-7868-4469-B9E1-0256376313F2}.Debug|x86.ActiveCfg = Debug|Any CPU
		{12C8E0C3-7868-4469-B9E1-0256376313F2}.Debug|x86.Build.0 = Debug|Any CPU
		{12C8E0C3-7868-4469-B9E1-0256376313F2}.Release|Any CPU.ActiveCfg = Release|Any CPU
		{12C8E0C3-7868-4469-B9E1-0256376313F2}.Release|Any CPU.Build.0 = Release|Any CPU
		{12C8E0C3-7868-4469-B9E1-0256376313F2}.Release|x86.ActiveCfg = Release|Any CPU
		{12C8E0C3-7868-4469-B9E1-0256376313F2}.Release|x86.Build.0 = Release|Any CPU
		{28ADE3E2-D199-4BF3-8409-9E1D0D9C86AE}.Debug|Any CPU.ActiveCfg = Debug|Any CPU
		{28ADE3E2-D199-4BF3-8409-9E1D0D9C86AE}.Debug|Any CPU.Build.0 = Debug|Any CPU
		{28ADE3E2-D199-4BF3-8409-9E1D0D9C86AE}.Debug|x86.ActiveCfg = Debug|Any CPU
		{28ADE3E2-D199-4BF3-8409-9E1D0D9C86AE}.Debug|x86.Build.0 = Debug|Any CPU
		{28ADE3E2-D199-4BF3-8409-9E1D0D9C86AE}.Release|Any CPU.ActiveCfg = Release|Any CPU
		{28ADE3E2-D199-4BF3-8409-9E1D0D9C86AE}.Release|Any CPU.Build.0 = Release|Any CPU
		{28ADE3E2-D199-4BF3-8409-9E1D0D9C86AE}.Release|x86.ActiveCfg = Release|Any CPU
		{28ADE3E2-D199-4BF3-8409-9E1D0D9C86AE}.Release|x86.Build.0 = Release|Any CPU
		{7851CF32-A070-4CD6-9533-012C835B6601}.Debug|Any CPU.ActiveCfg = Debug|Any CPU
		{7851CF32-A070-4CD6-9533-012C835B6601}.Debug|Any CPU.Build.0 = Debug|Any CPU
		{7851CF32-A070-4CD6-9533-012C835B6601}.Debug|x86.ActiveCfg = Debug|Any CPU
		{7851CF32-A070-4CD6-9533-012C835B6601}.Debug|x86.Build.0 = Debug|Any CPU
		{7851CF32-A070-4CD6-9533-012C835B6601}.Release|Any CPU.ActiveCfg = Release|Any CPU
		{7851CF32-A070-4CD6-9533-012C835B6601}.Release|Any CPU.Build.0 = Release|Any CPU
		{7851CF32-A070-4CD6-9533-012C835B6601}.Release|x86.ActiveCfg = Release|Any CPU
		{7851CF32-A070-4CD6-9533-012C835B6601}.Release|x86.Build.0 = Release|Any CPU
		{264D3E62-DD5A-4A39-84B1-CC633A2040A5}.Debug|Any CPU.ActiveCfg = Debug|Any CPU
		{264D3E62-DD5A-4A39-84B1-CC633A2040A5}.Debug|Any CPU.Build.0 = Debug|Any CPU
		{264D3E62-DD5A-4A39-84B1-CC633A2040A5}.Debug|x86.ActiveCfg = Debug|Any CPU
		{264D3E62-DD5A-4A39-84B1-CC633A2040A5}.Debug|x86.Build.0 = Debug|Any CPU
		{264D3E62-DD5A-4A39-84B1-CC633A2040A5}.Release|Any CPU.ActiveCfg = Release|Any CPU
		{264D3E62-DD5A-4A39-84B1-CC633A2040A5}.Release|Any CPU.Build.0 = Release|Any CPU
		{264D3E62-DD5A-4A39-84B1-CC633A2040A5}.Release|x86.ActiveCfg = Release|Any CPU
		{264D3E62-DD5A-4A39-84B1-CC633A2040A5}.Release|x86.Build.0 = Release|Any CPU
		{67C1BC3A-E854-410F-8825-CE9E901DE59B}.Debug|Any CPU.ActiveCfg = Debug|Any CPU
		{67C1BC3A-E854-410F-8825-CE9E901DE59B}.Debug|Any CPU.Build.0 = Debug|Any CPU
		{67C1BC3A-E854-410F-8825-CE9E901DE59B}.Debug|x86.ActiveCfg = Debug|Any CPU
		{67C1BC3A-E854-410F-8825-CE9E901DE59B}.Debug|x86.Build.0 = Debug|Any CPU
		{67C1BC3A-E854-410F-8825-CE9E901DE59B}.Release|Any CPU.ActiveCfg = Release|Any CPU
		{67C1BC3A-E854-410F-8825-CE9E901DE59B}.Release|Any CPU.Build.0 = Release|Any CPU
		{67C1BC3A-E854-410F-8825-CE9E901DE59B}.Release|x86.ActiveCfg = Release|Any CPU
		{67C1BC3A-E854-410F-8825-CE9E901DE59B}.Release|x86.Build.0 = Release|Any CPU
	EndGlobalSection
	GlobalSection(SolutionProperties) = preSolution
		HideSolutionNode = FALSE
	EndGlobalSection
EndGlobal
